
Microsoft Visual Studio Solution File, Format Version 12.00
# Visual Studio Version 16
VisualStudioVersion = 16.0.31220.234
MinimumVisualStudioVersion = 10.0.40219.1
Project("{9A19103F-16F7-4668-BE54-9A1E7A4F7556}") = "Server", "src\Server\Server.csproj", "{AE2142B0-E225-4472-8E68-E88E71D92649}"
EndProject
Project("{9A19103F-16F7-4668-BE54-9A1E7A4F7556}") = "Client", "src\Client\Client.csproj", "{09311BD8-5CBD-4A3A-A2F0-05213C1A27C6}"
EndProject
Project("{9A19103F-16F7-4668-BE54-9A1E7A4F7556}") = "Shared", "src\Shared\Shared.csproj", "{512739F0-97D4-4EF6-A3A9-44D6412825F0}"
EndProject
Project("{9A19103F-16F7-4668-BE54-9A1E7A4F7556}") = "Model.Test", "src\Model.Test\Model.Test.csproj", "{4CBB82C1-4EF8-4D26-A00E-A04FCA9ABC70}"
EndProject
Project("{9A19103F-16F7-4668-BE54-9A1E7A4F7556}") = "Model", "src\Model\Model.csproj", "{532E7A4B-9E66-4521-A310-C1B727E03293}"
EndProject
Project("{9A19103F-16F7-4668-BE54-9A1E7A4F7556}") = "GrpcService", "src\GrpcService\GrpcService.csproj", "{EAF9FD8D-6D97-401E-83D5-27028B650AF1}"
EndProject
Project("{FAE04EC0-301F-11D3-BF4B-00C04F79EFBC}") = "Worker", "src\Worker\Worker.csproj", "{C1E81B47-E51B-47A2-9581-EBA26697AB41}"
EndProject
Global
	GlobalSection(SolutionConfigurationPlatforms) = preSolution
		Debug|Any CPU = Debug|Any CPU
		Release|Any CPU = Release|Any CPU
	EndGlobalSection
	GlobalSection(ProjectConfigurationPlatforms) = postSolution
		{AE2142B0-E225-4472-8E68-E88E71D92649}.Debug|Any CPU.ActiveCfg = Debug|Any CPU
		{AE2142B0-E225-4472-8E68-E88E71D92649}.Debug|Any CPU.Build.0 = Debug|Any CPU
		{AE2142B0-E225-4472-8E68-E88E71D92649}.Release|Any CPU.ActiveCfg = Release|Any CPU
		{AE2142B0-E225-4472-8E68-E88E71D92649}.Release|Any CPU.Build.0 = Release|Any CPU
		{09311BD8-5CBD-4A3A-A2F0-05213C1A27C6}.Debug|Any CPU.ActiveCfg = Debug|Any CPU
		{09311BD8-5CBD-4A3A-A2F0-05213C1A27C6}.Debug|Any CPU.Build.0 = Debug|Any CPU
		{09311BD8-5CBD-4A3A-A2F0-05213C1A27C6}.Release|Any CPU.ActiveCfg = Release|Any CPU
		{09311BD8-5CBD-4A3A-A2F0-05213C1A27C6}.Release|Any CPU.Build.0 = Release|Any CPU
		{512739F0-97D4-4EF6-A3A9-44D6412825F0}.Debug|Any CPU.ActiveCfg = Debug|Any CPU
		{512739F0-97D4-4EF6-A3A9-44D6412825F0}.Debug|Any CPU.Build.0 = Debug|Any CPU
		{512739F0-97D4-4EF6-A3A9-44D6412825F0}.Release|Any CPU.ActiveCfg = Release|Any CPU
		{512739F0-97D4-4EF6-A3A9-44D6412825F0}.Release|Any CPU.Build.0 = Release|Any CPU
		{4CBB82C1-4EF8-4D26-A00E-A04FCA9ABC70}.Debug|Any CPU.ActiveCfg = Debug|Any CPU
		{4CBB82C1-4EF8-4D26-A00E-A04FCA9ABC70}.Debug|Any CPU.Build.0 = Debug|Any CPU
		{4CBB82C1-4EF8-4D26-A00E-A04FCA9ABC70}.Release|Any CPU.ActiveCfg = Release|Any CPU
		{4CBB82C1-4EF8-4D26-A00E-A04FCA9ABC70}.Release|Any CPU.Build.0 = Release|Any CPU
		{532E7A4B-9E66-4521-A310-C1B727E03293}.Debug|Any CPU.ActiveCfg = Debug|Any CPU
		{532E7A4B-9E66-4521-A310-C1B727E03293}.Debug|Any CPU.Build.0 = Debug|Any CPU
		{532E7A4B-9E66-4521-A310-C1B727E03293}.Release|Any CPU.ActiveCfg = Release|Any CPU
		{532E7A4B-9E66-4521-A310-C1B727E03293}.Release|Any CPU.Build.0 = Release|Any CPU
		{EAF9FD8D-6D97-401E-83D5-27028B650AF1}.Debug|Any CPU.ActiveCfg = Debug|Any CPU
		{EAF9FD8D-6D97-401E-83D5-27028B650AF1}.Debug|Any CPU.Build.0 = Debug|Any CPU
		{EAF9FD8D-6D97-401E-83D5-27028B650AF1}.Release|Any CPU.ActiveCfg = Release|Any CPU
		{EAF9FD8D-6D97-401E-83D5-27028B650AF1}.Release|Any CPU.Build.0 = Release|Any CPU
		{C1E81B47-E51B-47A2-9581-EBA26697AB41}.Debug|Any CPU.ActiveCfg = Debug|Any CPU
		{C1E81B47-E51B-47A2-9581-EBA26697AB41}.Debug|Any CPU.Build.0 = Debug|Any CPU
		{C1E81B47-E51B-47A2-9581-EBA26697AB41}.Release|Any CPU.ActiveCfg = Release|Any CPU
		{C1E81B47-E51B-47A2-9581-EBA26697AB41}.Release|Any CPU.Build.0 = Release|Any CPU
	EndGlobalSection
	GlobalSection(SolutionProperties) = preSolution
		HideSolutionNode = FALSE
	EndGlobalSection
	GlobalSection(ExtensibilityGlobals) = postSolution
		SolutionGuid = {83E2EF22-067D-415A-8C32-7D2489991240}
	EndGlobalSection
EndGlobal
