
Microsoft Visual Studio Solution File, Format Version 12.00
# Visual Studio Version 16
VisualStudioVersion = 16.0.30626.31
MinimumVisualStudioVersion = 10.0.40219.1
Project("{FAE04EC0-301F-11D3-BF4B-00C04F79EFBC}") = "Warelog.Server", "Server\Warelog.Server.csproj", "{E114F409-454F-47BE-937D-F29263890030}"
EndProject
Project("{FAE04EC0-301F-11D3-BF4B-00C04F79EFBC}") = "Warelog.Client", "Client\Warelog.Client.csproj", "{E2FFF9E8-2DA8-4241-B17B-A2573EF2A700}"
EndProject
Project("{FAE04EC0-301F-11D3-BF4B-00C04F79EFBC}") = "Warelog.Shared", "Shared\Warelog.Shared.csproj", "{BC8F43A6-D685-439C-888E-8494ED4938B2}"
EndProject
Global
	GlobalSection(SolutionConfigurationPlatforms) = preSolution
		Debug|Any CPU = Debug|Any CPU
		Release|Any CPU = Release|Any CPU
	EndGlobalSection
	GlobalSection(ProjectConfigurationPlatforms) = postSolution
		{E114F409-454F-47BE-937D-F29263890030}.Debug|Any CPU.ActiveCfg = Debug|Any CPU
		{E114F409-454F-47BE-937D-F29263890030}.Debug|Any CPU.Build.0 = Debug|Any CPU
		{E114F409-454F-47BE-937D-F29263890030}.Release|Any CPU.ActiveCfg = Release|Any CPU
		{E114F409-454F-47BE-937D-F29263890030}.Release|Any CPU.Build.0 = Release|Any CPU
		{E2FFF9E8-2DA8-4241-B17B-A2573EF2A700}.Debug|Any CPU.ActiveCfg = Debug|Any CPU
		{E2FFF9E8-2DA8-4241-B17B-A2573EF2A700}.Debug|Any CPU.Build.0 = Debug|Any CPU
		{E2FFF9E8-2DA8-4241-B17B-A2573EF2A700}.Release|Any CPU.ActiveCfg = Release|Any CPU
		{E2FFF9E8-2DA8-4241-B17B-A2573EF2A700}.Release|Any CPU.Build.0 = Release|Any CPU
		{BC8F43A6-D685-439C-888E-8494ED4938B2}.Debug|Any CPU.ActiveCfg = Debug|Any CPU
		{BC8F43A6-D685-439C-888E-8494ED4938B2}.Debug|Any CPU.Build.0 = Debug|Any CPU
		{BC8F43A6-D685-439C-888E-8494ED4938B2}.Release|Any CPU.ActiveCfg = Release|Any CPU
		{BC8F43A6-D685-439C-888E-8494ED4938B2}.Release|Any CPU.Build.0 = Release|Any CPU
	EndGlobalSection
	GlobalSection(SolutionProperties) = preSolution
		HideSolutionNode = FALSE
	EndGlobalSection
	GlobalSection(ExtensibilityGlobals) = postSolution
		SolutionGuid = {DEABC8C4-E126-4DFD-83D1-76197F3ECF31}
	EndGlobalSection
EndGlobal
